// !$*UTF8*$!
{
	archiveVersion = 1;
	classes = {
	};
	objectVersion = 56;
	objects = {

/* Begin PBXBuildFile section */
		281A6D54291C3AF00000415F /* AppDelegate.swift in Sources */ = {isa = PBXBuildFile; fileRef = 281A6D53291C3AF00000415F /* AppDelegate.swift */; };
		281A6D56291C3AF00000415F /* SceneDelegate.swift in Sources */ = {isa = PBXBuildFile; fileRef = 281A6D55291C3AF00000415F /* SceneDelegate.swift */; };
		281A6D58291C3AF00000415F /* ViewController.swift in Sources */ = {isa = PBXBuildFile; fileRef = 281A6D57291C3AF00000415F /* ViewController.swift */; };
		281A6D5B291C3AF00000415F /* Main.storyboard in Resources */ = {isa = PBXBuildFile; fileRef = 281A6D59291C3AF00000415F /* Main.storyboard */; };
		281A6D5D291C3AF30000415F /* Assets.xcassets in Resources */ = {isa = PBXBuildFile; fileRef = 281A6D5C291C3AF30000415F /* Assets.xcassets */; };
		281A6D60291C3AF30000415F /* LaunchScreen.storyboard in Resources */ = {isa = PBXBuildFile; fileRef = 281A6D5E291C3AF30000415F /* LaunchScreen.storyboard */; };
		281A6D6B291C3AF30000415F /* PMSCTests.swift in Sources */ = {isa = PBXBuildFile; fileRef = 281A6D6A291C3AF30000415F /* PMSCTests.swift */; };
		281A6D75291C3AF30000415F /* PMSCUITests.swift in Sources */ = {isa = PBXBuildFile; fileRef = 281A6D74291C3AF30000415F /* PMSCUITests.swift */; };
		281A6D77291C3AF30000415F /* PMSCUITestsLaunchTests.swift in Sources */ = {isa = PBXBuildFile; fileRef = 281A6D76291C3AF30000415F /* PMSCUITestsLaunchTests.swift */; };
/* End PBXBuildFile section */

/* Begin PBXContainerItemProxy section */
		281A6D67291C3AF30000415F /* PBXContainerItemProxy */ = {
			isa = PBXContainerItemProxy;
			containerPortal = 281A6D48291C3AF00000415F /* Project object */;
			proxyType = 1;
			remoteGlobalIDString = 281A6D4F291C3AF00000415F;
			remoteInfo = PMSC;
		};
		281A6D71291C3AF30000415F /* PBXContainerItemProxy */ = {
			isa = PBXContainerItemProxy;
			containerPortal = 281A6D48291C3AF00000415F /* Project object */;
			proxyType = 1;
			remoteGlobalIDString = 281A6D4F291C3AF00000415F;
			remoteInfo = PMSC;
		};
/* End PBXContainerItemProxy section */

/* Begin PBXFileReference section */
		281A6D50291C3AF00000415F /* PMSC.app */ = {isa = PBXFileReference; explicitFileType = wrapper.application; includeInIndex = 0; path = PMSC.app; sourceTree = BUILT_PRODUCTS_DIR; };
		281A6D53291C3AF00000415F /* AppDelegate.swift */ = {isa = PBXFileReference; lastKnownFileType = sourcecode.swift; path = AppDelegate.swift; sourceTree = "<group>"; };
		281A6D55291C3AF00000415F /* SceneDelegate.swift */ = {isa = PBXFileReference; lastKnownFileType = sourcecode.swift; path = SceneDelegate.swift; sourceTree = "<group>"; };
		281A6D57291C3AF00000415F /* ViewController.swift */ = {isa = PBXFileReference; lastKnownFileType = sourcecode.swift; path = ViewController.swift; sourceTree = "<group>"; };
		281A6D5A291C3AF00000415F /* Base */ = {isa = PBXFileReference; lastKnownFileType = file.storyboard; name = Base; path = Base.lproj/Main.storyboard; sourceTree = "<group>"; };
		281A6D5C291C3AF30000415F /* Assets.xcassets */ = {isa = PBXFileReference; lastKnownFileType = folder.assetcatalog; path = Assets.xcassets; sourceTree = "<group>"; };
		281A6D5F291C3AF30000415F /* Base */ = {isa = PBXFileReference; lastKnownFileType = file.storyboard; name = Base; path = Base.lproj/LaunchScreen.storyboard; sourceTree = "<group>"; };
		281A6D61291C3AF30000415F /* Info.plist */ = {isa = PBXFileReference; lastKnownFileType = text.plist.xml; path = Info.plist; sourceTree = "<group>"; };
		281A6D66291C3AF30000415F /* PMSCTests.xctest */ = {isa = PBXFileReference; explicitFileType = wrapper.cfbundle; includeInIndex = 0; path = PMSCTests.xctest; sourceTree = BUILT_PRODUCTS_DIR; };
		281A6D6A291C3AF30000415F /* PMSCTests.swift */ = {isa = PBXFileReference; lastKnownFileType = sourcecode.swift; path = PMSCTests.swift; sourceTree = "<group>"; };
		281A6D70291C3AF30000415F /* PMSCUITests.xctest */ = {isa = PBXFileReference; explicitFileType = wrapper.cfbundle; includeInIndex = 0; path = PMSCUITests.xctest; sourceTree = BUILT_PRODUCTS_DIR; };
		281A6D74291C3AF30000415F /* PMSCUITests.swift */ = {isa = PBXFileReference; lastKnownFileType = sourcecode.swift; path = PMSCUITests.swift; sourceTree = "<group>"; };
		281A6D76291C3AF30000415F /* PMSCUITestsLaunchTests.swift */ = {isa = PBXFileReference; lastKnownFileType = sourcecode.swift; path = PMSCUITestsLaunchTests.swift; sourceTree = "<group>"; };
/* End PBXFileReference section */

/* Begin PBXFrameworksBuildPhase section */
		281A6D4D291C3AF00000415F /* Frameworks */ = {
			isa = PBXFrameworksBuildPhase;
			buildActionMask = 2147483647;
			files = (
			);
			runOnlyForDeploymentPostprocessing = 0;
		};
		281A6D63291C3AF30000415F /* Frameworks */ = {
			isa = PBXFrameworksBuildPhase;
			buildActionMask = 2147483647;
			files = (
			);
			runOnlyForDeploymentPostprocessing = 0;
		};
		281A6D6D291C3AF30000415F /* Frameworks */ = {
			isa = PBXFrameworksBuildPhase;
			buildActionMask = 2147483647;
			files = (
			);
			runOnlyForDeploymentPostprocessing = 0;
		};
/* End PBXFrameworksBuildPhase section */

/* Begin PBXGroup section */
		281A6D47291C3AF00000415F = {
			isa = PBXGroup;
			children = (
				281A6D52291C3AF00000415F /* PMSC */,
				281A6D69291C3AF30000415F /* PMSCTests */,
				281A6D73291C3AF30000415F /* PMSCUITests */,
				281A6D51291C3AF00000415F /* Products */,
			);
			sourceTree = "<group>";
		};
		281A6D51291C3AF00000415F /* Products */ = {
			isa = PBXGroup;
			children = (
				281A6D50291C3AF00000415F /* PMSC.app */,
				281A6D66291C3AF30000415F /* PMSCTests.xctest */,
				281A6D70291C3AF30000415F /* PMSCUITests.xctest */,
			);
			name = Products;
			sourceTree = "<group>";
		};
		281A6D52291C3AF00000415F /* PMSC */ = {
			isa = PBXGroup;
			children = (
				281A6D53291C3AF00000415F /* AppDelegate.swift */,
				281A6D55291C3AF00000415F /* SceneDelegate.swift */,
				281A6D57291C3AF00000415F /* ViewController.swift */,
				281A6D59291C3AF00000415F /* Main.storyboard */,
				281A6D5C291C3AF30000415F /* Assets.xcassets */,
				281A6D5E291C3AF30000415F /* LaunchScreen.storyboard */,
				281A6D61291C3AF30000415F /* Info.plist */,
			);
			path = PMSC;
			sourceTree = "<group>";
		};
		281A6D69291C3AF30000415F /* PMSCTests */ = {
			isa = PBXGroup;
			children = (
				281A6D6A291C3AF30000415F /* PMSCTests.swift */,
			);
			path = PMSCTests;
			sourceTree = "<group>";
		};
		281A6D73291C3AF30000415F /* PMSCUITests */ = {
			isa = PBXGroup;
			children = (
				281A6D74291C3AF30000415F /* PMSCUITests.swift */,
				281A6D76291C3AF30000415F /* PMSCUITestsLaunchTests.swift */,
			);
			path = PMSCUITests;
			sourceTree = "<group>";
		};
/* End PBXGroup section */

/* Begin PBXNativeTarget section */
		281A6D4F291C3AF00000415F /* PMSC */ = {
			isa = PBXNativeTarget;
			buildConfigurationList = 281A6D7A291C3AF30000415F /* Build configuration list for PBXNativeTarget "PMSC" */;
			buildPhases = (
				281A6D4C291C3AF00000415F /* Sources */,
				281A6D4D291C3AF00000415F /* Frameworks */,
				281A6D4E291C3AF00000415F /* Resources */,
			);
			buildRules = (
			);
			dependencies = (
			);
			name = PMSC;
			productName = PMSC;
			productReference = 281A6D50291C3AF00000415F /* PMSC.app */;
			productType = "com.apple.product-type.application";
		};
		281A6D65291C3AF30000415F /* PMSCTests */ = {
			isa = PBXNativeTarget;
			buildConfigurationList = 281A6D7D291C3AF30000415F /* Build configuration list for PBXNativeTarget "PMSCTests" */;
			buildPhases = (
				281A6D62291C3AF30000415F /* Sources */,
				281A6D63291C3AF30000415F /* Frameworks */,
				281A6D64291C3AF30000415F /* Resources */,
			);
			buildRules = (
			);
			dependencies = (
				281A6D68291C3AF30000415F /* PBXTargetDependency */,
			);
			name = PMSCTests;
			productName = PMSCTests;
			productReference = 281A6D66291C3AF30000415F /* PMSCTests.xctest */;
			productType = "com.apple.product-type.bundle.unit-test";
		};
		281A6D6F291C3AF30000415F /* PMSCUITests */ = {
			isa = PBXNativeTarget;
			buildConfigurationList = 281A6D80291C3AF30000415F /* Build configuration list for PBXNativeTarget "PMSCUITests" */;
			buildPhases = (
				281A6D6C291C3AF30000415F /* Sources */,
				281A6D6D291C3AF30000415F /* Frameworks */,
				281A6D6E291C3AF30000415F /* Resources */,
			);
			buildRules = (
			);
			dependencies = (
				281A6D72291C3AF30000415F /* PBXTargetDependency */,
			);
			name = PMSCUITests;
			productName = PMSCUITests;
			productReference = 281A6D70291C3AF30000415F /* PMSCUITests.xctest */;
			productType = "com.apple.product-type.bundle.ui-testing";
		};
/* End PBXNativeTarget section */

/* Begin PBXProject section */
		281A6D48291C3AF00000415F /* Project object */ = {
			isa = PBXProject;
			attributes = {
				BuildIndependentTargetsInParallel = 1;
				LastSwiftUpdateCheck = 1410;
				LastUpgradeCheck = 1410;
				TargetAttributes = {
					281A6D4F291C3AF00000415F = {
						CreatedOnToolsVersion = 14.1;
					};
					281A6D65291C3AF30000415F = {
						CreatedOnToolsVersion = 14.1;
						TestTargetID = 281A6D4F291C3AF00000415F;
					};
					281A6D6F291C3AF30000415F = {
						CreatedOnToolsVersion = 14.1;
						TestTargetID = 281A6D4F291C3AF00000415F;
					};
				};
			};
			buildConfigurationList = 281A6D4B291C3AF00000415F /* Build configuration list for PBXProject "PMSC" */;
			compatibilityVersion = "Xcode 14.0";
			developmentRegion = en;
			hasScannedForEncodings = 0;
			knownRegions = (
				en,
				Base,
			);
			mainGroup = 281A6D47291C3AF00000415F;
			productRefGroup = 281A6D51291C3AF00000415F /* Products */;
			projectDirPath = "";
			projectRoot = "";
			targets = (
				281A6D4F291C3AF00000415F /* PMSC */,
				281A6D65291C3AF30000415F /* PMSCTests */,
				281A6D6F291C3AF30000415F /* PMSCUITests */,
			);
		};
/* End PBXProject section */

/* Begin PBXResourcesBuildPhase section */
		281A6D4E291C3AF00000415F /* Resources */ = {
			isa = PBXResourcesBuildPhase;
			buildActionMask = 2147483647;
			files = (
				281A6D60291C3AF30000415F /* LaunchScreen.storyboard in Resources */,
				281A6D5D291C3AF30000415F /* Assets.xcassets in Resources */,
				281A6D5B291C3AF00000415F /* Main.storyboard in Resources */,
			);
			runOnlyForDeploymentPostprocessing = 0;
		};
		281A6D64291C3AF30000415F /* Resources */ = {
			isa = PBXResourcesBuildPhase;
			buildActionMask = 2147483647;
			files = (
			);
			runOnlyForDeploymentPostprocessing = 0;
		};
		281A6D6E291C3AF30000415F /* Resources */ = {
			isa = PBXResourcesBuildPhase;
			buildActionMask = 2147483647;
			files = (
			);
			runOnlyForDeploymentPostprocessing = 0;
		};
/* End PBXResourcesBuildPhase section */

/* Begin PBXSourcesBuildPhase section */
		281A6D4C291C3AF00000415F /* Sources */ = {
			isa = PBXSourcesBuildPhase;
			buildActionMask = 2147483647;
			files = (
				281A6D58291C3AF00000415F /* ViewController.swift in Sources */,
				281A6D54291C3AF00000415F /* AppDelegate.swift in Sources */,
				281A6D56291C3AF00000415F /* SceneDelegate.swift in Sources */,
			);
			runOnlyForDeploymentPostprocessing = 0;
		};
		281A6D62291C3AF30000415F /* Sources */ = {
			isa = PBXSourcesBuildPhase;
			buildActionMask = 2147483647;
			files = (
				281A6D6B291C3AF30000415F /* PMSCTests.swift in Sources */,
			);
			runOnlyForDeploymentPostprocessing = 0;
		};
		281A6D6C291C3AF30000415F /* Sources */ = {
			isa = PBXSourcesBuildPhase;
			buildActionMask = 2147483647;
			files = (
				281A6D75291C3AF30000415F /* PMSCUITests.swift in Sources */,
				281A6D77291C3AF30000415F /* PMSCUITestsLaunchTests.swift in Sources */,
			);
			runOnlyForDeploymentPostprocessing = 0;
		};
/* End PBXSourcesBuildPhase section */

/* Begin PBXTargetDependency section */
		281A6D68291C3AF30000415F /* PBXTargetDependency */ = {
			isa = PBXTargetDependency;
			target = 281A6D4F291C3AF00000415F /* PMSC */;
			targetProxy = 281A6D67291C3AF30000415F /* PBXContainerItemProxy */;
		};
		281A6D72291C3AF30000415F /* PBXTargetDependency */ = {
			isa = PBXTargetDependency;
			target = 281A6D4F291C3AF00000415F /* PMSC */;
			targetProxy = 281A6D71291C3AF30000415F /* PBXContainerItemProxy */;
		};
/* End PBXTargetDependency section */

/* Begin PBXVariantGroup section */
		281A6D59291C3AF00000415F /* Main.storyboard */ = {
			isa = PBXVariantGroup;
			children = (
				281A6D5A291C3AF00000415F /* Base */,
			);
			name = Main.storyboard;
			sourceTree = "<group>";
		};
		281A6D5E291C3AF30000415F /* LaunchScreen.storyboard */ = {
			isa = PBXVariantGroup;
			children = (
				281A6D5F291C3AF30000415F /* Base */,
			);
			name = LaunchScreen.storyboard;
			sourceTree = "<group>";
		};
/* End PBXVariantGroup section */

/* Begin XCBuildConfiguration section */
		281A6D78291C3AF30000415F /* Debug */ = {
			isa = XCBuildConfiguration;
			buildSettings = {
				ALWAYS_SEARCH_USER_PATHS = NO;
				CLANG_ANALYZER_NONNULL = YES;
				CLANG_ANALYZER_NUMBER_OBJECT_CONVERSION = YES_AGGRESSIVE;
				CLANG_CXX_LANGUAGE_STANDARD = "gnu++20";
				CLANG_ENABLE_MODULES = YES;
				CLANG_ENABLE_OBJC_ARC = YES;
				CLANG_ENABLE_OBJC_WEAK = YES;
				CLANG_WARN_BLOCK_CAPTURE_AUTORELEASING = YES;
				CLANG_WARN_BOOL_CONVERSION = YES;
				CLANG_WARN_COMMA = YES;
				CLANG_WARN_CONSTANT_CONVERSION = YES;
				CLANG_WARN_DEPRECATED_OBJC_IMPLEMENTATIONS = YES;
				CLANG_WARN_DIRECT_OBJC_ISA_USAGE = YES_ERROR;
				CLANG_WARN_DOCUMENTATION_COMMENTS = YES;
				CLANG_WARN_EMPTY_BODY = YES;
				CLANG_WARN_ENUM_CONVERSION = YES;
				CLANG_WARN_INFINITE_RECURSION = YES;
				CLANG_WARN_INT_CONVERSION = YES;
				CLANG_WARN_NON_LITERAL_NULL_CONVERSION = YES;
				CLANG_WARN_OBJC_IMPLICIT_RETAIN_SELF = YES;
				CLANG_WARN_OBJC_LITERAL_CONVERSION = YES;
				CLANG_WARN_OBJC_ROOT_CLASS = YES_ERROR;
				CLANG_WARN_QUOTED_INCLUDE_IN_FRAMEWORK_HEADER = YES;
				CLANG_WARN_RANGE_LOOP_ANALYSIS = YES;
				CLANG_WARN_STRICT_PROTOTYPES = YES;
				CLANG_WARN_SUSPICIOUS_MOVE = YES;
				CLANG_WARN_UNGUARDED_AVAILABILITY = YES_AGGRESSIVE;
				CLANG_WARN_UNREACHABLE_CODE = YES;
				CLANG_WARN__DUPLICATE_METHOD_MATCH = YES;
				COPY_PHASE_STRIP = NO;
				DEBUG_INFORMATION_FORMAT = dwarf;
				ENABLE_STRICT_OBJC_MSGSEND = YES;
				ENABLE_TESTABILITY = YES;
				GCC_C_LANGUAGE_STANDARD = gnu11;
				GCC_DYNAMIC_NO_PIC = NO;
				GCC_NO_COMMON_BLOCKS = YES;
				GCC_OPTIMIZATION_LEVEL = 0;
				GCC_PREPROCESSOR_DEFINITIONS = (
					"DEBUG=1",
					"$(inherited)",
				);
				GCC_WARN_64_TO_32_BIT_CONVERSION = YES;
				GCC_WARN_ABOUT_RETURN_TYPE = YES_ERROR;
				GCC_WARN_UNDECLARED_SELECTOR = YES;
				GCC_WARN_UNINITIALIZED_AUTOS = YES_AGGRESSIVE;
				GCC_WARN_UNUSED_FUNCTION = YES;
				GCC_WARN_UNUSED_VARIABLE = YES;
				IPHONEOS_DEPLOYMENT_TARGET = 16.1;
				MTL_ENABLE_DEBUG_INFO = INCLUDE_SOURCE;
				MTL_FAST_MATH = YES;
				ONLY_ACTIVE_ARCH = YES;
				SDKROOT = iphoneos;
				SWIFT_ACTIVE_COMPILATION_CONDITIONS = DEBUG;
				SWIFT_OPTIMIZATION_LEVEL = "-Onone";
			};
			name = Debug;
		};
		281A6D79291C3AF30000415F /* Release */ = {
			isa = XCBuildConfiguration;
			buildSettings = {
				ALWAYS_SEARCH_USER_PATHS = NO;
				CLANG_ANALYZER_NONNULL = YES;
				CLANG_ANALYZER_NUMBER_OBJECT_CONVERSION = YES_AGGRESSIVE;
				CLANG_CXX_LANGUAGE_STANDARD = "gnu++20";
				CLANG_ENABLE_MODULES = YES;
				CLANG_ENABLE_OBJC_ARC = YES;
				CLANG_ENABLE_OBJC_WEAK = YES;
				CLANG_WARN_BLOCK_CAPTURE_AUTORELEASING = YES;
				CLANG_WARN_BOOL_CONVERSION = YES;
				CLANG_WARN_COMMA = YES;
				CLANG_WARN_CONSTANT_CONVERSION = YES;
				CLANG_WARN_DEPRECATED_OBJC_IMPLEMENTATIONS = YES;
				CLANG_WARN_DIRECT_OBJC_ISA_USAGE = YES_ERROR;
				CLANG_WARN_DOCUMENTATION_COMMENTS = YES;
				CLANG_WARN_EMPTY_BODY = YES;
				CLANG_WARN_ENUM_CONVERSION = YES;
				CLANG_WARN_INFINITE_RECURSION = YES;
				CLANG_WARN_INT_CONVERSION = YES;
				CLANG_WARN_NON_LITERAL_NULL_CONVERSION = YES;
				CLANG_WARN_OBJC_IMPLICIT_RETAIN_SELF = YES;
				CLANG_WARN_OBJC_LITERAL_CONVERSION = YES;
				CLANG_WARN_OBJC_ROOT_CLASS = YES_ERROR;
				CLANG_WARN_QUOTED_INCLUDE_IN_FRAMEWORK_HEADER = YES;
				CLANG_WARN_RANGE_LOOP_ANALYSIS = YES;
				CLANG_WARN_STRICT_PROTOTYPES = YES;
				CLANG_WARN_SUSPICIOUS_MOVE = YES;
				CLANG_WARN_UNGUARDED_AVAILABILITY = YES_AGGRESSIVE;
				CLANG_WARN_UNREACHABLE_CODE = YES;
				CLANG_WARN__DUPLICATE_METHOD_MATCH = YES;
				COPY_PHASE_STRIP = NO;
				DEBUG_INFORMATION_FORMAT = "dwarf-with-dsym";
				ENABLE_NS_ASSERTIONS = NO;
				ENABLE_STRICT_OBJC_MSGSEND = YES;
				GCC_C_LANGUAGE_STANDARD = gnu11;
				GCC_NO_COMMON_BLOCKS = YES;
				GCC_WARN_64_TO_32_BIT_CONVERSION = YES;
				GCC_WARN_ABOUT_RETURN_TYPE = YES_ERROR;
				GCC_WARN_UNDECLARED_SELECTOR = YES;
				GCC_WARN_UNINITIALIZED_AUTOS = YES_AGGRESSIVE;
				GCC_WARN_UNUSED_FUNCTION = YES;
				GCC_WARN_UNUSED_VARIABLE = YES;
				IPHONEOS_DEPLOYMENT_TARGET = 16.1;
				MTL_ENABLE_DEBUG_INFO = NO;
				MTL_FAST_MATH = YES;
				SDKROOT = iphoneos;
				SWIFT_COMPILATION_MODE = wholemodule;
				SWIFT_OPTIMIZATION_LEVEL = "-O";
				VALIDATE_PRODUCT = YES;
			};
			name = Release;
		};
		281A6D7B291C3AF30000415F /* Debug */ = {
			isa = XCBuildConfiguration;
			buildSettings = {
				ASSETCATALOG_COMPILER_APPICON_NAME = AppIcon;
				ASSETCATALOG_COMPILER_GLOBAL_ACCENT_COLOR_NAME = AccentColor;
				CODE_SIGN_STYLE = Automatic;
				CURRENT_PROJECT_VERSION = 1;
				GENERATE_INFOPLIST_FILE = YES;
				INFOPLIST_FILE = PMSC/Info.plist;
				INFOPLIST_KEY_UIApplicationSupportsIndirectInputEvents = YES;
				INFOPLIST_KEY_UILaunchStoryboardName = LaunchScreen;
				INFOPLIST_KEY_UIMainStoryboardFile = Main;
				INFOPLIST_KEY_UISupportedInterfaceOrientations_iPad = "UIInterfaceOrientationPortrait UIInterfaceOrientationPortraitUpsideDown UIInterfaceOrientationLandscapeLeft UIInterfaceOrientationLandscapeRight";
				INFOPLIST_KEY_UISupportedInterfaceOrientations_iPhone = "UIInterfaceOrientationPortrait UIInterfaceOrientationLandscapeLeft UIInterfaceOrientationLandscapeRight";
				LD_RUNPATH_SEARCH_PATHS = (
					"$(inherited)",
					"@executable_path/Frameworks",
				);
				MARKETING_VERSION = 1.0;
				PRODUCT_BUNDLE_IDENTIFIER = CGM.PMSC;
				PRODUCT_NAME = "$(TARGET_NAME)";
				SWIFT_EMIT_LOC_STRINGS = YES;
				SWIFT_VERSION = 5.0;
				TARGETED_DEVICE_FAMILY = "1,2";
			};
			name = Debug;
		};
		281A6D7C291C3AF30000415F /* Release */ = {
			isa = XCBuildConfiguration;
			buildSettings = {
				ASSETCATALOG_COMPILER_APPICON_NAME = AppIcon;
				ASSETCATALOG_COMPILER_GLOBAL_ACCENT_COLOR_NAME = AccentColor;
				CODE_SIGN_STYLE = Automatic;
				CURRENT_PROJECT_VERSION = 1;
				GENERATE_INFOPLIST_FILE = YES;
				INFOPLIST_FILE = PMSC/Info.plist;
				INFOPLIST_KEY_UIApplicationSupportsIndirectInputEvents = YES;
				INFOPLIST_KEY_UILaunchStoryboardName = LaunchScreen;
				INFOPLIST_KEY_UIMainStoryboardFile = Main;
				INFOPLIST_KEY_UISupportedInterfaceOrientations_iPad = "UIInterfaceOrientationPortrait UIInterfaceOrientationPortraitUpsideDown UIInterfaceOrientationLandscapeLeft UIInterfaceOrientationLandscapeRight";
				INFOPLIST_KEY_UISupportedInterfaceOrientations_iPhone = "UIInterfaceOrientationPortrait UIInterfaceOrientationLandscapeLeft UIInterfaceOrientationLandscapeRight";
				LD_RUNPATH_SEARCH_PATHS = (
					"$(inherited)",
					"@executable_path/Frameworks",
				);
				MARKETING_VERSION = 1.0;
				PRODUCT_BUNDLE_IDENTIFIER = CGM.PMSC;
				PRODUCT_NAME = "$(TARGET_NAME)";
				SWIFT_EMIT_LOC_STRINGS = YES;
				SWIFT_VERSION = 5.0;
				TARGETED_DEVICE_FAMILY = "1,2";
			};
			name = Release;
		};
		281A6D7E291C3AF30000415F /* Debug */ = {
			isa = XCBuildConfiguration;
			buildSettings = {
				ALWAYS_EMBED_SWIFT_STANDARD_LIBRARIES = YES;
				BUNDLE_LOADER = "$(TEST_HOST)";
				CODE_SIGN_STYLE = Automatic;
				CURRENT_PROJECT_VERSION = 1;
				GENERATE_INFOPLIST_FILE = YES;
				IPHONEOS_DEPLOYMENT_TARGET = 16.1;
				MARKETING_VERSION = 1.0;
				PRODUCT_BUNDLE_IDENTIFIER = CGM.PMSCTests;
				PRODUCT_NAME = "$(TARGET_NAME)";
				SWIFT_EMIT_LOC_STRINGS = NO;
				SWIFT_VERSION = 5.0;
				TARGETED_DEVICE_FAMILY = "1,2";
				TEST_HOST = "$(BUILT_PRODUCTS_DIR)/PMSC.app/$(BUNDLE_EXECUTABLE_FOLDER_PATH)/PMSC";
			};
			name = Debug;
		};
		281A6D7F291C3AF30000415F /* Release */ = {
			isa = XCBuildConfiguration;
			buildSettings = {
				ALWAYS_EMBED_SWIFT_STANDARD_LIBRARIES = YES;
				BUNDLE_LOADER = "$(TEST_HOST)";
				CODE_SIGN_STYLE = Automatic;
				CURRENT_PROJECT_VERSION = 1;
				GENERATE_INFOPLIST_FILE = YES;
				IPHONEOS_DEPLOYMENT_TARGET = 16.1;
				MARKETING_VERSION = 1.0;
				PRODUCT_BUNDLE_IDENTIFIER = CGM.PMSCTests;
				PRODUCT_NAME = "$(TARGET_NAME)";
				SWIFT_EMIT_LOC_STRINGS = NO;
				SWIFT_VERSION = 5.0;
				TARGETED_DEVICE_FAMILY = "1,2";
				TEST_HOST = "$(BUILT_PRODUCTS_DIR)/PMSC.app/$(BUNDLE_EXECUTABLE_FOLDER_PATH)/PMSC";
			};
			name = Release;
		};
		281A6D81291C3AF30000415F /* Debug */ = {
			isa = XCBuildConfiguration;
			buildSettings = {
				ALWAYS_EMBED_SWIFT_STANDARD_LIBRARIES = YES;
				CODE_SIGN_STYLE = Automatic;
				CURRENT_PROJECT_VERSION = 1;
				GENERATE_INFOPLIST_FILE = YES;
				MARKETING_VERSION = 1.0;
				PRODUCT_BUNDLE_IDENTIFIER = CGM.PMSCUITests;
				PRODUCT_NAME = "$(TARGET_NAME)";
				SWIFT_EMIT_LOC_STRINGS = NO;
				SWIFT_VERSION = 5.0;
				TARGETED_DEVICE_FAMILY = "1,2";
				TEST_TARGET_NAME = PMSC;
			};
			name = Debug;
		};
		281A6D82291C3AF30000415F /* Release */ = {
			isa = XCBuildConfiguration;
			buildSettings = {
				ALWAYS_EMBED_SWIFT_STANDARD_LIBRARIES = YES;
				CODE_SIGN_STYLE = Automatic;
				CURRENT_PROJECT_VERSION = 1;
				GENERATE_INFOPLIST_FILE = YES;
				MARKETING_VERSION = 1.0;
				PRODUCT_BUNDLE_IDENTIFIER = CGM.PMSCUITests;
				PRODUCT_NAME = "$(TARGET_NAME)";
				SWIFT_EMIT_LOC_STRINGS = NO;
				SWIFT_VERSION = 5.0;
				TARGETED_DEVICE_FAMILY = "1,2";
				TEST_TARGET_NAME = PMSC;
			};
			name = Release;
		};
/* End XCBuildConfiguration section */

/* Begin XCConfigurationList section */
		281A6D4B291C3AF00000415F /* Build configuration list for PBXProject "PMSC" */ = {
			isa = XCConfigurationList;
			buildConfigurations = (
				281A6D78291C3AF30000415F /* Debug */,
				281A6D79291C3AF30000415F /* Release */,
			);
			defaultConfigurationIsVisible = 0;
			defaultConfigurationName = Release;
		};
		281A6D7A291C3AF30000415F /* Build configuration list for PBXNativeTarget "PMSC" */ = {
			isa = XCConfigurationList;
			buildConfigurations = (
				281A6D7B291C3AF30000415F /* Debug */,
				281A6D7C291C3AF30000415F /* Release */,
			);
			defaultConfigurationIsVisible = 0;
			defaultConfigurationName = Release;
		};
		281A6D7D291C3AF30000415F /* Build configuration list for PBXNativeTarget "PMSCTests" */ = {
			isa = XCConfigurationList;
			buildConfigurations = (
				281A6D7E291C3AF30000415F /* Debug */,
				281A6D7F291C3AF30000415F /* Release */,
			);
			defaultConfigurationIsVisible = 0;
			defaultConfigurationName = Release;
		};
		281A6D80291C3AF30000415F /* Build configuration list for PBXNativeTarget "PMSCUITests" */ = {
			isa = XCConfigurationList;
			buildConfigurations = (
				281A6D81291C3AF30000415F /* Debug */,
				281A6D82291C3AF30000415F /* Release */,
			);
			defaultConfigurationIsVisible = 0;
			defaultConfigurationName = Release;
		};
/* End XCConfigurationList section */
	};
	rootObject = 281A6D48291C3AF00000415F /* Project object */;
}
